PODS:
  - Alamofire (4.8.2)
  - BSKConsole (0.1.0)
  - BSKNetwork (0.1.2):
    - Alamofire (~> 4.8.2)
    - BSKConsole (= 0.1.0)
  - QMUIKit (3.2.1):
    - QMUIKit/QMUIComponents (= 3.2.1)
    - QMUIKit/QMUICore (= 3.2.1)
    - QMUIKit/QMUILog (= 3.2.1)
    - QMUIKit/QMUIMainFrame (= 3.2.1)
    - QMUIKit/QMUIResources (= 3.2.1)
    - QMUIKit/QMUIWeakObjectContainer (= 3.2.1)
  - QMUIKit/QMUIComponents (3.2.1):
    - QMUIKit/QMUIComponents/NavigationBarTransition (= 3.2.1)
    - QMUIKit/QMUIComponents/QMUIAlertController (= 3.2.1)
    - QMUIKit/QMUIComponents/QMUIAssetLibrary (= 3.2.1)
    - QMUIKit/QMUIComponents/QMUIBadge (= 3.2.1)
    - QMUIKit/QMUIComponents/QMUIButton (= 3.2.1)
    - QMUIKit/QMUIComponents/QMUICAAnimationExtension (= 3.2.1)
    - QMUIKit/QMUIComponents/QMUICellHeightCache (= 3.2.1)
    - QMUIKit/QMUIComponents/QMUICellHeightKeyCache (= 3.2.1)
    - QMUIKit/QMUIComponents/QMUICellSizeKeyCache (= 3.2.1)
    - QMUIKit/QMUIComponents/QMUICollectionViewPagingLayout (= 3.2.1)
    - QMUIKit/QMUIComponents/QMUIConsole (= 3.2.1)
    - QMUIKit/QMUIComponents/QMUIDialogViewController (= 3.2.1)
    - QMUIKit/QMUIComponents/QMUIEmotionInputManager (= 3.2.1)
    - QMUIKit/QMUIComponents/QMUIEmotionView (= 3.2.1)
    - QMUIKit/QMUIComponents/QMUIEmptyView (= 3.2.1)
    - QMUIKit/QMUIComponents/QMUIFillButton (= 3.2.1)
    - QMUIKit/QMUIComponents/QMUIFloatLayoutView (= 3.2.1)
    - QMUIKit/QMUIComponents/QMUIGhostButton (= 3.2.1)
    - QMUIKit/QMUIComponents/QMUIGridView (= 3.2.1)
    - QMUIKit/QMUIComponents/QMUIImagePickerLibrary (= 3.2.1)
    - QMUIKit/QMUIComponents/QMUIImagePreviewView (= 3.2.1)
    - QMUIKit/QMUIComponents/QMUIKeyboardManager (= 3.2.1)
    - QMUIKit/QMUIComponents/QMUILabel (= 3.2.1)
    - QMUIKit/QMUIComponents/QMUILinkButton (= 3.2.1)
    - QMUIKit/QMUIComponents/QMUILogManagerViewController (= 3.2.1)
    - QMUIKit/QMUIComponents/QMUILogWithConfigurationSupported (= 3.2.1)
    - QMUIKit/QMUIComponents/QMUIMarqueeLabel (= 3.2.1)
    - QMUIKit/QMUIComponents/QMUIModalPresentationViewController (= 3.2.1)
    - QMUIKit/QMUIComponents/QMUIMoreOperationController (= 3.2.1)
    - QMUIKit/QMUIComponents/QMUIMultipleDelegates (= 3.2.1)
    - QMUIKit/QMUIComponents/QMUINavigationButton (= 3.2.1)
    - QMUIKit/QMUIComponents/QMUINavigationTitleView (= 3.2.1)
    - QMUIKit/QMUIComponents/QMUIOrderedDictionary (= 3.2.1)
    - QMUIKit/QMUIComponents/QMUIPieProgressView (= 3.2.1)
    - QMUIKit/QMUIComponents/QMUIPopupContainerView (= 3.2.1)
    - QMUIKit/QMUIComponents/QMUIPopupMenuView (= 3.2.1)
    - QMUIKit/QMUIComponents/QMUIScrollAnimator (= 3.2.1)
    - QMUIKit/QMUIComponents/QMUISearchBar (= 3.2.1)
    - QMUIKit/QMUIComponents/QMUISearchController (= 3.2.1)
    - QMUIKit/QMUIComponents/QMUISegmentedControl (= 3.2.1)
    - QMUIKit/QMUIComponents/QMUISlider (= 3.2.1)
    - QMUIKit/QMUIComponents/QMUIStaticTableView (= 3.2.1)
    - QMUIKit/QMUIComponents/QMUITableView (= 3.2.1)
    - QMUIKit/QMUIComponents/QMUITableViewCell (= 3.2.1)
    - QMUIKit/QMUIComponents/QMUITableViewHeaderFooterView (= 3.2.1)
    - QMUIKit/QMUIComponents/QMUITableViewProtocols (= 3.2.1)
    - QMUIKit/QMUIComponents/QMUITestView (= 3.2.1)
    - QMUIKit/QMUIComponents/QMUITextField (= 3.2.1)
    - QMUIKit/QMUIComponents/QMUITextView (= 3.2.1)
    - QMUIKit/QMUIComponents/QMUITips (= 3.2.1)
    - QMUIKit/QMUIComponents/QMUIToastView (= 3.2.1)
    - QMUIKit/QMUIComponents/QMUIToolbarButton (= 3.2.1)
    - QMUIKit/QMUIComponents/QMUIVisualEffectView (= 3.2.1)
    - QMUIKit/QMUIComponents/QMUIZoomImageView (= 3.2.1)
    - QMUIKit/QMUICore
  - QMUIKit/QMUIComponents/NavigationBarTransition (3.2.1):
    - QMUIKit/QMUIComponents/QMUINavigationTitleView
    - QMUIKit/QMUICore
    - QMUIKit/QMUIMainFrame
  - QMUIKit/QMUIComponents/QMUIAlertController (3.2.1):
    - QMUIKit/QMUIComponents/QMUIButton
    - QMUIKit/QMUIComponents/QMUIModalPresentationViewController
    - QMUIKit/QMUIComponents/QMUITextField
    - QMUIKit/QMUICore
  - QMUIKit/QMUIComponents/QMUIAssetLibrary (3.2.1):
    - QMUIKit/QMUICore
  - QMUIKit/QMUIComponents/QMUIBadge (3.2.1):
    - QMUIKit/QMUIComponents/QMUILabel
    - QMUIKit/QMUICore
  - QMUIKit/QMUIComponents/QMUIButton (3.2.1):
    - QMUIKit/QMUICore
  - QMUIKit/QMUIComponents/QMUICAAnimationExtension (3.2.1):
    - QMUIKit/QMUIComponents/QMUIMultipleDelegates
    - QMUIKit/QMUICore
  - QMUIKit/QMUIComponents/QMUICellHeightCache (3.2.1):
    - QMUIKit/QMUIComponents/QMUITableViewProtocols
    - QMUIKit/QMUICore
  - QMUIKit/QMUIComponents/QMUICellHeightKeyCache (3.2.1):
    - QMUIKit/QMUIComponents/QMUIMultipleDelegates
    - QMUIKit/QMUIComponents/QMUITableViewProtocols
    - QMUIKit/QMUICore
  - QMUIKit/QMUIComponents/QMUICellSizeKeyCache (3.2.1):
    - QMUIKit/QMUIComponents/QMUIMultipleDelegates
    - QMUIKit/QMUICore
  - QMUIKit/QMUIComponents/QMUICollectionViewPagingLayout (3.2.1):
    - QMUIKit/QMUICore
  - QMUIKit/QMUIComponents/QMUIConsole (3.2.1):
    - QMUIKit/QMUIComponents/QMUIButton
    - QMUIKit/QMUIComponents/QMUICAAnimationExtension
    - QMUIKit/QMUIComponents/QMUIPopupMenuView
    - QMUIKit/QMUIComponents/QMUITextField
    - QMUIKit/QMUIComponents/QMUITextView
    - QMUIKit/QMUICore
  - QMUIKit/QMUIComponents/QMUIDialogViewController (3.2.1):
    - QMUIKit/QMUIComponents/QMUIButton
    - QMUIKit/QMUIComponents/QMUILabel
    - QMUIKit/QMUIComponents/QMUIModalPresentationViewController
    - QMUIKit/QMUIComponents/QMUINavigationTitleView
    - QMUIKit/QMUIComponents/QMUITableView
    - QMUIKit/QMUIComponents/QMUITableViewCell
    - QMUIKit/QMUIComponents/QMUITextField
    - QMUIKit/QMUICore
    - QMUIKit/QMUIMainFrame
  - QMUIKit/QMUIComponents/QMUIEmotionInputManager (3.2.1):
    - QMUIKit/QMUIComponents/QMUIEmotionView
    - QMUIKit/QMUICore
  - QMUIKit/QMUIComponents/QMUIEmotionView (3.2.1):
    - QMUIKit/QMUIComponents/QMUIButton
    - QMUIKit/QMUICore
    - QMUIKit/QMUIResources
  - QMUIKit/QMUIComponents/QMUIEmptyView (3.2.1):
    - QMUIKit/QMUIComponents/QMUIButton
    - QMUIKit/QMUICore
  - QMUIKit/QMUIComponents/QMUIFillButton (3.2.1):
    - QMUIKit/QMUIComponents/QMUIButton
    - QMUIKit/QMUICore
  - QMUIKit/QMUIComponents/QMUIFloatLayoutView (3.2.1):
    - QMUIKit/QMUICore
  - QMUIKit/QMUIComponents/QMUIGhostButton (3.2.1):
    - QMUIKit/QMUIComponents/QMUIButton
    - QMUIKit/QMUICore
  - QMUIKit/QMUIComponents/QMUIGridView (3.2.1):
    - QMUIKit/QMUICore
  - QMUIKit/QMUIComponents/QMUIImagePickerLibrary (3.2.1):
    - QMUIKit/QMUIComponents/QMUIAlertController
    - QMUIKit/QMUIComponents/QMUIAssetLibrary
    - QMUIKit/QMUIComponents/QMUIButton
    - QMUIKit/QMUIComponents/QMUIEmptyView
    - QMUIKit/QMUIComponents/QMUIImagePreviewView
    - QMUIKit/QMUIComponents/QMUINavigationButton
    - QMUIKit/QMUIComponents/QMUITableViewCell
    - QMUIKit/QMUIComponents/QMUIZoomImageView
    - QMUIKit/QMUICore
    - QMUIKit/QMUIMainFrame
    - QMUIKit/QMUIResources
  - QMUIKit/QMUIComponents/QMUIImagePreviewView (3.2.1):
    - QMUIKit/QMUIComponents/QMUIButton
    - QMUIKit/QMUIComponents/QMUICollectionViewPagingLayout
    - QMUIKit/QMUIComponents/QMUIEmptyView
    - QMUIKit/QMUIComponents/QMUIPieProgressView
    - QMUIKit/QMUIComponents/QMUIZoomImageView
    - QMUIKit/QMUICore
    - QMUIKit/QMUIMainFrame
  - QMUIKit/QMUIComponents/QMUIKeyboardManager (3.2.1):
    - QMUIKit/QMUICore
  - QMUIKit/QMUIComponents/QMUILabel (3.2.1):
    - QMUIKit/QMUICore
  - QMUIKit/QMUIComponents/QMUILinkButton (3.2.1):
    - QMUIKit/QMUIComponents/QMUIButton
    - QMUIKit/QMUICore
  - QMUIKit/QMUIComponents/QMUILogManagerViewController (3.2.1):
    - QMUIKit/QMUIComponents/QMUIPopupMenuView
    - QMUIKit/QMUIComponents/QMUISearchController
    - QMUIKit/QMUIComponents/QMUIStaticTableView
    - QMUIKit/QMUIComponents/QMUITableView
    - QMUIKit/QMUICore
    - QMUIKit/QMUIMainFrame
  - QMUIKit/QMUIComponents/QMUILogWithConfigurationSupported (3.2.1):
    - QMUIKit/QMUICore
  - QMUIKit/QMUIComponents/QMUIMarqueeLabel (3.2.1):
    - QMUIKit/QMUICore
  - QMUIKit/QMUIComponents/QMUIModalPresentationViewController (3.2.1):
    - QMUIKit/QMUIComponents/QMUIKeyboardManager
    - QMUIKit/QMUICore
  - QMUIKit/QMUIComponents/QMUIMoreOperationController (3.2.1):
    - QMUIKit/QMUIComponents/QMUIButton
    - QMUIKit/QMUIComponents/QMUIModalPresentationViewController
    - QMUIKit/QMUICore
  - QMUIKit/QMUIComponents/QMUIMultipleDelegates (3.2.1):
    - QMUIKit/QMUICore
  - QMUIKit/QMUIComponents/QMUINavigationButton (3.2.1):
    - QMUIKit/QMUICore
    - QMUIKit/QMUIMainFrame
  - QMUIKit/QMUIComponents/QMUINavigationTitleView (3.2.1):
    - QMUIKit/QMUIComponents/QMUIButton
    - QMUIKit/QMUICore
  - QMUIKit/QMUIComponents/QMUIOrderedDictionary (3.2.1):
    - QMUIKit/QMUICore
  - QMUIKit/QMUIComponents/QMUIPieProgressView (3.2.1):
    - QMUIKit/QMUICore
  - QMUIKit/QMUIComponents/QMUIPopupContainerView (3.2.1):
    - QMUIKit/QMUICore
    - QMUIKit/QMUIMainFrame
  - QMUIKit/QMUIComponents/QMUIPopupMenuView (3.2.1):
    - QMUIKit/QMUIComponents/QMUIButton
    - QMUIKit/QMUIComponents/QMUIPopupContainerView
    - QMUIKit/QMUICore
  - QMUIKit/QMUIComponents/QMUIScrollAnimator (3.2.1):
    - QMUIKit/QMUIComponents/QMUIMultipleDelegates
    - QMUIKit/QMUICore
  - QMUIKit/QMUIComponents/QMUISearchBar (3.2.1):
    - QMUIKit/QMUICore
  - QMUIKit/QMUIComponents/QMUISearchController (3.2.1):
    - QMUIKit/QMUIComponents/QMUIEmptyView
    - QMUIKit/QMUIComponents/QMUISearchBar
    - QMUIKit/QMUICore
    - QMUIKit/QMUIMainFrame
  - QMUIKit/QMUIComponents/QMUISegmentedControl (3.2.1):
    - QMUIKit/QMUICore
  - QMUIKit/QMUIComponents/QMUISlider (3.2.1):
    - QMUIKit/QMUICore
  - QMUIKit/QMUIComponents/QMUIStaticTableView (3.2.1):
    - QMUIKit/QMUIComponents/QMUIMultipleDelegates
    - QMUIKit/QMUIComponents/QMUITableViewCell
    - QMUIKit/QMUICore
  - QMUIKit/QMUIComponents/QMUITableView (3.2.1):
    - QMUIKit/QMUIComponents/QMUITableViewProtocols
    - QMUIKit/QMUICore
  - QMUIKit/QMUIComponents/QMUITableViewCell (3.2.1):
    - QMUIKit/QMUIComponents/QMUIButton
    - QMUIKit/QMUICore
  - QMUIKit/QMUIComponents/QMUITableViewHeaderFooterView (3.2.1):
    - QMUIKit/QMUICore
  - QMUIKit/QMUIComponents/QMUITableViewProtocols (3.2.1):
    - QMUIKit/QMUICore
  - QMUIKit/QMUIComponents/QMUITestView (3.2.1):
    - QMUIKit/QMUICore
  - QMUIKit/QMUIComponents/QMUITextField (3.2.1):
    - QMUIKit/QMUIComponents/QMUIMultipleDelegates
    - QMUIKit/QMUICore
  - QMUIKit/QMUIComponents/QMUITextView (3.2.1):
    - QMUIKit/QMUIComponents/QMUILabel
    - QMUIKit/QMUIComponents/QMUIMultipleDelegates
    - QMUIKit/QMUICore
  - QMUIKit/QMUIComponents/QMUITips (3.2.1):
    - QMUIKit/QMUIComponents/QMUIToastView
    - QMUIKit/QMUICore
    - QMUIKit/QMUIResources
  - QMUIKit/QMUIComponents/QMUIToastView (3.2.1):
    - QMUIKit/QMUIComponents/QMUIKeyboardManager
    - QMUIKit/QMUIComponents/QMUIVisualEffectView
    - QMUIKit/QMUICore
  - QMUIKit/QMUIComponents/QMUIToolbarButton (3.2.1):
    - QMUIKit/QMUICore
  - QMUIKit/QMUIComponents/QMUIVisualEffectView (3.2.1):
    - QMUIKit/QMUICore
  - QMUIKit/QMUIComponents/QMUIZoomImageView (3.2.1):
    - QMUIKit/QMUIComponents/QMUIAssetLibrary
    - QMUIKit/QMUIComponents/QMUIButton
    - QMUIKit/QMUIComponents/QMUIEmptyView
    - QMUIKit/QMUIComponents/QMUIPieProgressView
    - QMUIKit/QMUIComponents/QMUISlider
    - QMUIKit/QMUICore
  - QMUIKit/QMUICore (3.2.1):
    - QMUIKit/QMUILog
    - QMUIKit/QMUIWeakObjectContainer
  - QMUIKit/QMUILog (3.2.1)
  - QMUIKit/QMUIMainFrame (3.2.1):
    - QMUIKit/QMUIComponents/QMUIEmptyView
    - QMUIKit/QMUIComponents/QMUIKeyboardManager
    - QMUIKit/QMUIComponents/QMUIMultipleDelegates
    - QMUIKit/QMUIComponents/QMUINavigationTitleView
    - QMUIKit/QMUIComponents/QMUITableView
    - QMUIKit/QMUIComponents/QMUITableViewHeaderFooterView
    - QMUIKit/QMUICore
    - QMUIKit/QMUILog
  - QMUIKit/QMUIResources (3.2.1)
  - QMUIKit/QMUIWeakObjectContainer (3.2.1)
  - RxSwift (5.0.0)
  - SnapKit (5.0.0)

DEPENDENCIES:
  - BSKConsole
  - BSKNetwork
  - QMUIKit
  - RxSwift
  - SnapKit

SPEC REPOS:
  http://gitlab.obplay.cn:18080/BlueSky/privatecocoapodsrepo.git:
    - BSKConsole
    - BSKNetwork
  https://github.com/cocoapods/specs.git:
    - Alamofire
    - QMUIKit
    - RxSwift
    - SnapKit

SPEC CHECKSUMS:
  Alamofire: ae5c501addb7afdbb13687d7f2f722c78734c2d3
  BSKConsole: 85cc0ce59f0c1c5c770b0d6e9f140d108699e865
  BSKNetwork: c90ecf4a0576b760567a701d58941b0db6423c34
  QMUIKit: a3af645843b9558eb7aaf407b320eaeb45ab6144
  RxSwift: 8b0671caa829a763bbce7271095859121cbd895f
  SnapKit: fd22d10eb9aff484d79a8724eab922c1ddf89bcf

PODFILE CHECKSUM: 00305bf9dec7e5353962018991476cadd15d5954

COCOAPODS: 1.7.2
