PODS:
  - BSKConsole (0.1.0)
  - SnapKit (5.0.0)

DEPENDENCIES:
  - BSKConsole
  - SnapKit

SPEC REPOS:
  trunk:
    - BSKConsole
    - SnapKit

SPEC CHECKSUMS:
  BSKConsole: 981a467b3cdef762671cae7ddfe872ce7343881d
  SnapKit: fd22d10eb9aff484d79a8724eab922c1ddf89bcf

PODFILE CHECKSUM: 4ff02d106d27cfe191f5986b2633324d64ea3af6

COCOAPODS: 1.10.1
